
Microsoft Visual Studio Solution File, Format Version 12.00
# Visual Studio Version 16
VisualStudioVersion = 16.0.29025.244
MinimumVisualStudioVersion = 10.0.40219.1
Project("{FAE04EC0-301F-11D3-BF4B-00C04F79EFBC}") = "HandlerInvoker.App", "HandlerInvoker.App\HandlerInvoker.App.csproj", "{391F2A13-5EA0-4151-B55F-D7F2D84D4943}"
EndProject
Project("{FAE04EC0-301F-11D3-BF4B-00C04F79EFBC}") = "HandlerInvoker.Core", "HandlerInvoker.Core\HandlerInvoker.Core.csproj", "{AB6AD5A1-55BF-4E38-B9CA-B9F65769F967}"
EndProject
Global
	GlobalSection(SolutionConfigurationPlatforms) = preSolution
		Debug|Any CPU = Debug|Any CPU
		Release|Any CPU = Release|Any CPU
	EndGlobalSection
	GlobalSection(ProjectConfigurationPlatforms) = postSolution
		{391F2A13-5EA0-4151-B55F-D7F2D84D4943}.Debug|Any CPU.ActiveCfg = Debug|Any CPU
		{391F2A13-5EA0-4151-B55F-D7F2D84D4943}.Debug|Any CPU.Build.0 = Debug|Any CPU
		{391F2A13-5EA0-4151-B55F-D7F2D84D4943}.Release|Any CPU.ActiveCfg = Release|Any CPU
		{391F2A13-5EA0-4151-B55F-D7F2D84D4943}.Release|Any CPU.Build.0 = Release|Any CPU
		{AB6AD5A1-55BF-4E38-B9CA-B9F65769F967}.Debug|Any CPU.ActiveCfg = Debug|Any CPU
		{AB6AD5A1-55BF-4E38-B9CA-B9F65769F967}.Debug|Any CPU.Build.0 = Debug|Any CPU
		{AB6AD5A1-55BF-4E38-B9CA-B9F65769F967}.Release|Any CPU.ActiveCfg = Release|Any CPU
		{AB6AD5A1-55BF-4E38-B9CA-B9F65769F967}.Release|Any CPU.Build.0 = Release|Any CPU
	EndGlobalSection
	GlobalSection(SolutionProperties) = preSolution
		HideSolutionNode = FALSE
	EndGlobalSection
	GlobalSection(ExtensibilityGlobals) = postSolution
		SolutionGuid = {59088B80-00ED-4979-9D12-A09CC1868356}
	EndGlobalSection
EndGlobal
