
Microsoft Visual Studio Solution File, Format Version 12.00
# Visual Studio Version 17
VisualStudioVersion = 17.0.32014.148
MinimumVisualStudioVersion = 10.0.40219.1
Project("{2150E333-8FDC-42A3-9474-1A3956D46DE8}") = "src", "src", "{1090D96B-0997-42C1-A2D8-3CF5432154CD}"
EndProject
Project("{2150E333-8FDC-42A3-9474-1A3956D46DE8}") = "test", "test", "{E465EE41-6C93-45D6-B998-22D12CE48BB0}"
EndProject
Project("{2150E333-8FDC-42A3-9474-1A3956D46DE8}") = "global", "global", "{1C87C711-1485-484D-84DF-4D690231358E}"
	ProjectSection(SolutionItems) = preProject
		.gitattributes = .gitattributes
		.gitignore = .gitignore
		.travis.yml = .travis.yml
		LICENSE = LICENSE
		README.md = README.md
	EndProjectSection
EndProject
Project("{9A19103F-16F7-4668-BE54-9A1E7A4F7556}") = "Sylver.HandlerInvoker", "src\Sylver.HandlerInvoker\Sylver.HandlerInvoker.csproj", "{E4C0A533-03A6-405B-B445-808A43773528}"
EndProject
Global
	GlobalSection(SolutionConfigurationPlatforms) = preSolution
		Debug|Any CPU = Debug|Any CPU
		Release|Any CPU = Release|Any CPU
	EndGlobalSection
	GlobalSection(ProjectConfigurationPlatforms) = postSolution
		{E4C0A533-03A6-405B-B445-808A43773528}.Debug|Any CPU.ActiveCfg = Debug|Any CPU
		{E4C0A533-03A6-405B-B445-808A43773528}.Debug|Any CPU.Build.0 = Debug|Any CPU
		{E4C0A533-03A6-405B-B445-808A43773528}.Release|Any CPU.ActiveCfg = Release|Any CPU
		{E4C0A533-03A6-405B-B445-808A43773528}.Release|Any CPU.Build.0 = Release|Any CPU
	EndGlobalSection
	GlobalSection(SolutionProperties) = preSolution
		HideSolutionNode = FALSE
	EndGlobalSection
	GlobalSection(NestedProjects) = preSolution
		{E4C0A533-03A6-405B-B445-808A43773528} = {1090D96B-0997-42C1-A2D8-3CF5432154CD}
	EndGlobalSection
	GlobalSection(ExtensibilityGlobals) = postSolution
		SolutionGuid = {59088B80-00ED-4979-9D12-A09CC1868356}
	EndGlobalSection
EndGlobal
